
Microsoft Visual Studio Solution File, Format Version 12.00
# Visual Studio Version 17
VisualStudioVersion = 17.10.35122.118
MinimumVisualStudioVersion = 10.0.40219.1
Project("{9A19103F-16F7-4668-BE54-9A1E7A4F7556}") = "CryptoTrackIntegration", "CryptoTrack\CryptoTrackIntegration.csproj", "{9F82FCA1-6777-40D9-82C8-07C9FAFA3617}"
EndProject
Project("{FAE04EC0-301F-11D3-BF4B-00C04F79EFBC}") = "CryptoTrackClient", "CryptoTrackClient\CryptoTrackClient.csproj", "{18CC6038-228F-4023-9FAA-4A18B4AE4AA5}"
EndProject
Global
	GlobalSection(SolutionConfigurationPlatforms) = preSolution
		Debug|Any CPU = Debug|Any CPU
		Release|Any CPU = Release|Any CPU
	EndGlobalSection
	GlobalSection(ProjectConfigurationPlatforms) = postSolution
		{9F82FCA1-6777-40D9-82C8-07C9FAFA3617}.Debug|Any CPU.ActiveCfg = Debug|Any CPU
		{9F82FCA1-6777-40D9-82C8-07C9FAFA3617}.Debug|Any CPU.Build.0 = Debug|Any CPU
		{9F82FCA1-6777-40D9-82C8-07C9FAFA3617}.Release|Any CPU.ActiveCfg = Release|Any CPU
		{9F82FCA1-6777-40D9-82C8-07C9FAFA3617}.Release|Any CPU.Build.0 = Release|Any CPU
		{18CC6038-228F-4023-9FAA-4A18B4AE4AA5}.Debug|Any CPU.ActiveCfg = Debug|Any CPU
		{18CC6038-228F-4023-9FAA-4A18B4AE4AA5}.Debug|Any CPU.Build.0 = Debug|Any CPU
		{18CC6038-228F-4023-9FAA-4A18B4AE4AA5}.Release|Any CPU.ActiveCfg = Release|Any CPU
		{18CC6038-228F-4023-9FAA-4A18B4AE4AA5}.Release|Any CPU.Build.0 = Release|Any CPU
	EndGlobalSection
	GlobalSection(SolutionProperties) = preSolution
		HideSolutionNode = FALSE
	EndGlobalSection
	GlobalSection(ExtensibilityGlobals) = postSolution
		SolutionGuid = {004554F7-D0C1-415A-9AA8-6BB55B1D925B}
	EndGlobalSection
EndGlobal
